
Microsoft Visual Studio Solution File, Format Version 12.00
# Visual Studio Version 17
VisualStudioVersion = 17.4.33103.184
MinimumVisualStudioVersion = 10.0.40219.1
Project("{9A19103F-16F7-4668-BE54-9A1E7A4F7556}") = "KO.WebAPI", "KO.WebAPI\KO.WebAPI.csproj", "{19F4BEF4-B84B-4E44-BCCA-FFD3EF0CD0E5}"
EndProject
Project("{2150E333-8FDC-42A3-9474-1A3956D46DE8}") = "src", "src", "{926B4BA6-E3A2-4DAE-BAC7-109D427B3951}"
EndProject
Project("{2150E333-8FDC-42A3-9474-1A3956D46DE8}") = "Presentations", "Presentations", "{000E0CB3-8942-4B3B-8A96-EEF5E5516C9A}"
EndProject
Project("{2150E333-8FDC-42A3-9474-1A3956D46DE8}") = "Modules", "Modules", "{C6E3301A-C9AE-4B49-9719-6D042A101571}"
EndProject
Project("{2150E333-8FDC-42A3-9474-1A3956D46DE8}") = "AuthModule", "AuthModule", "{C424F311-0587-431E-B51E-38124FD13A14}"
EndProject
Project("{9A19103F-16F7-4668-BE54-9A1E7A4F7556}") = "Auth.Application", "Auth.Application\Auth.Application.csproj", "{060754C1-AF26-428C-90F2-69ED4B14D653}"
EndProject
Project("{9A19103F-16F7-4668-BE54-9A1E7A4F7556}") = "Auth.Persistence", "Auth.Persistence\Auth.Persistence.csproj", "{0E9C9B5C-9AA3-4AB4-8D5B-F95CF5042A26}"
EndProject
Project("{2150E333-8FDC-42A3-9474-1A3956D46DE8}") = "ShareResources", "ShareResources", "{8398BD8A-EF8A-4807-914E-C03C81E28C13}"
EndProject
Project("{9A19103F-16F7-4668-BE54-9A1E7A4F7556}") = "Utilities", "Utilities\Utilities.csproj", "{E69825F7-15D7-44E9-9AC6-FE1048614A29}"
EndProject
Global
	GlobalSection(SolutionConfigurationPlatforms) = preSolution
		Debug|Any CPU = Debug|Any CPU
		Release|Any CPU = Release|Any CPU
	EndGlobalSection
	GlobalSection(ProjectConfigurationPlatforms) = postSolution
		{19F4BEF4-B84B-4E44-BCCA-FFD3EF0CD0E5}.Debug|Any CPU.ActiveCfg = Debug|Any CPU
		{19F4BEF4-B84B-4E44-BCCA-FFD3EF0CD0E5}.Debug|Any CPU.Build.0 = Debug|Any CPU
		{19F4BEF4-B84B-4E44-BCCA-FFD3EF0CD0E5}.Release|Any CPU.ActiveCfg = Release|Any CPU
		{19F4BEF4-B84B-4E44-BCCA-FFD3EF0CD0E5}.Release|Any CPU.Build.0 = Release|Any CPU
		{060754C1-AF26-428C-90F2-69ED4B14D653}.Debug|Any CPU.ActiveCfg = Debug|Any CPU
		{060754C1-AF26-428C-90F2-69ED4B14D653}.Debug|Any CPU.Build.0 = Debug|Any CPU
		{060754C1-AF26-428C-90F2-69ED4B14D653}.Release|Any CPU.ActiveCfg = Release|Any CPU
		{060754C1-AF26-428C-90F2-69ED4B14D653}.Release|Any CPU.Build.0 = Release|Any CPU
		{0E9C9B5C-9AA3-4AB4-8D5B-F95CF5042A26}.Debug|Any CPU.ActiveCfg = Debug|Any CPU
		{0E9C9B5C-9AA3-4AB4-8D5B-F95CF5042A26}.Debug|Any CPU.Build.0 = Debug|Any CPU
		{0E9C9B5C-9AA3-4AB4-8D5B-F95CF5042A26}.Release|Any CPU.ActiveCfg = Release|Any CPU
		{0E9C9B5C-9AA3-4AB4-8D5B-F95CF5042A26}.Release|Any CPU.Build.0 = Release|Any CPU
		{E69825F7-15D7-44E9-9AC6-FE1048614A29}.Debug|Any CPU.ActiveCfg = Debug|Any CPU
		{E69825F7-15D7-44E9-9AC6-FE1048614A29}.Debug|Any CPU.Build.0 = Debug|Any CPU
		{E69825F7-15D7-44E9-9AC6-FE1048614A29}.Release|Any CPU.ActiveCfg = Release|Any CPU
		{E69825F7-15D7-44E9-9AC6-FE1048614A29}.Release|Any CPU.Build.0 = Release|Any CPU
	EndGlobalSection
	GlobalSection(SolutionProperties) = preSolution
		HideSolutionNode = FALSE
	EndGlobalSection
	GlobalSection(NestedProjects) = preSolution
		{19F4BEF4-B84B-4E44-BCCA-FFD3EF0CD0E5} = {000E0CB3-8942-4B3B-8A96-EEF5E5516C9A}
		{000E0CB3-8942-4B3B-8A96-EEF5E5516C9A} = {926B4BA6-E3A2-4DAE-BAC7-109D427B3951}
		{C6E3301A-C9AE-4B49-9719-6D042A101571} = {926B4BA6-E3A2-4DAE-BAC7-109D427B3951}
		{C424F311-0587-431E-B51E-38124FD13A14} = {C6E3301A-C9AE-4B49-9719-6D042A101571}
		{060754C1-AF26-428C-90F2-69ED4B14D653} = {C424F311-0587-431E-B51E-38124FD13A14}
		{0E9C9B5C-9AA3-4AB4-8D5B-F95CF5042A26} = {C424F311-0587-431E-B51E-38124FD13A14}
		{8398BD8A-EF8A-4807-914E-C03C81E28C13} = {926B4BA6-E3A2-4DAE-BAC7-109D427B3951}
		{E69825F7-15D7-44E9-9AC6-FE1048614A29} = {8398BD8A-EF8A-4807-914E-C03C81E28C13}
	EndGlobalSection
	GlobalSection(ExtensibilityGlobals) = postSolution
		SolutionGuid = {8587186A-A94D-41DE-A274-EEB2543FCF92}
	EndGlobalSection
EndGlobal
